
Microsoft Visual Studio Solution File, Format Version 12.00
# Visual Studio 14
VisualStudioVersion = 14.0.25420.1
MinimumVisualStudioVersion = 10.0.40219.1
Project("{8BC9CEB8-8B4A-11D0-8D11-00A0C91BC942}") = "cpp-frp", "cpp-frp.vcxproj", "{F5954F51-B9AB-4813-AFA0-4E663D12D831}"
EndProject
Project("{8BC9CEB8-8B4A-11D0-8D11-00A0C91BC942}") = "test", "..\test\test.vcxproj", "{118FCE0E-32E2-4D25-A36C-62AF8EB61CC9}"
EndProject
Project("{8BC9CEB8-8B4A-11D0-8D11-00A0C91BC942}") = "sidescroller", "..\sidescroller\sidescroller.vcxproj", "{3031CF4F-40D6-42A0-BBCD-F4D935F15539}"
EndProject
Global
	GlobalSection(SolutionConfigurationPlatforms) = preSolution
		Debug|x64 = Debug|x64
		Debug|x86 = Debug|x86
		Release|x64 = Release|x64
		Release|x86 = Release|x86
	EndGlobalSection
	GlobalSection(ProjectConfigurationPlatforms) = postSolution
		{F5954F51-B9AB-4813-AFA0-4E663D12D831}.Debug|x64.ActiveCfg = Debug|x64
		{F5954F51-B9AB-4813-AFA0-4E663D12D831}.Debug|x64.Build.0 = Debug|x64
		{F5954F51-B9AB-4813-AFA0-4E663D12D831}.Debug|x86.ActiveCfg = Debug|Win32
		{F5954F51-B9AB-4813-AFA0-4E663D12D831}.Debug|x86.Build.0 = Debug|Win32
		{F5954F51-B9AB-4813-AFA0-4E663D12D831}.Release|x64.ActiveCfg = Release|x64
		{F5954F51-B9AB-4813-AFA0-4E663D12D831}.Release|x64.Build.0 = Release|x64
		{F5954F51-B9AB-4813-AFA0-4E663D12D831}.Release|x86.ActiveCfg = Release|Win32
		{F5954F51-B9AB-4813-AFA0-4E663D12D831}.Release|x86.Build.0 = Release|Win32
		{118FCE0E-32E2-4D25-A36C-62AF8EB61CC9}.Debug|x64.ActiveCfg = Debug|x64
		{118FCE0E-32E2-4D25-A36C-62AF8EB61CC9}.Debug|x64.Build.0 = Debug|x64
		{118FCE0E-32E2-4D25-A36C-62AF8EB61CC9}.Debug|x86.ActiveCfg = Debug|Win32
		{118FCE0E-32E2-4D25-A36C-62AF8EB61CC9}.Debug|x86.Build.0 = Debug|Win32
		{118FCE0E-32E2-4D25-A36C-62AF8EB61CC9}.Release|x64.ActiveCfg = Release|x64
		{118FCE0E-32E2-4D25-A36C-62AF8EB61CC9}.Release|x64.Build.0 = Release|x64
		{118FCE0E-32E2-4D25-A36C-62AF8EB61CC9}.Release|x86.ActiveCfg = Release|Win32
		{118FCE0E-32E2-4D25-A36C-62AF8EB61CC9}.Release|x86.Build.0 = Release|Win32
		{3031CF4F-40D6-42A0-BBCD-F4D935F15539}.Debug|x64.ActiveCfg = Debug|x64
		{3031CF4F-40D6-42A0-BBCD-F4D935F15539}.Debug|x64.Build.0 = Debug|x64
		{3031CF4F-40D6-42A0-BBCD-F4D935F15539}.Debug|x86.ActiveCfg = Debug|Win32
		{3031CF4F-40D6-42A0-BBCD-F4D935F15539}.Debug|x86.Build.0 = Debug|Win32
		{3031CF4F-40D6-42A0-BBCD-F4D935F15539}.Release|x64.ActiveCfg = Release|x64
		{3031CF4F-40D6-42A0-BBCD-F4D935F15539}.Release|x64.Build.0 = Release|x64
		{3031CF4F-40D6-42A0-BBCD-F4D935F15539}.Release|x86.ActiveCfg = Release|Win32
		{3031CF4F-40D6-42A0-BBCD-F4D935F15539}.Release|x86.Build.0 = Release|Win32
	EndGlobalSection
	GlobalSection(SolutionProperties) = preSolution
		HideSolutionNode = FALSE
	EndGlobalSection
EndGlobal
